// !$*UTF8*$!
{
	archiveVersion = 1;
	classes = {
	};
	objectVersion = 50;
	objects = {

/* Begin PBXBuildFile section */
		40098CD7259FFD8700407120 /* DashboardViewController.swift in Sources */ = {isa = PBXBuildFile; fileRef = 40098CD6259FFD8700407120 /* DashboardViewController.swift */; };
		402A1BF125A2C896005A3046 /* CastleCell.swift in Sources */ = {isa = PBXBuildFile; fileRef = 402A1BF025A2C896005A3046 /* CastleCell.swift */; };
		403309B125D229A100C91C27 /* PerkPresenter.swift in Sources */ = {isa = PBXBuildFile; fileRef = 403309B025D229A100C91C27 /* PerkPresenter.swift */; };
		4041F12C25E499D0004A982F /* SlideInViewController.swift in Sources */ = {isa = PBXBuildFile; fileRef = 4041F12B25E499D0004A982F /* SlideInViewController.swift */; };
		404328B52601904600CD7C6B /* KingdomService.swift in Sources */ = {isa = PBXBuildFile; fileRef = 404328B42601904600CD7C6B /* KingdomService.swift */; };
		40436DBB25AA112500B24B4A /* CastleItem.swift in Sources */ = {isa = PBXBuildFile; fileRef = 40436DBA25AA112500B24B4A /* CastleItem.swift */; };
		40590794259E2A3E00B98AB4 /* TurnService.swift in Sources */ = {isa = PBXBuildFile; fileRef = 40590793259E2A3E00B98AB4 /* TurnService.swift */; };
		40590797259E2F5100B98AB4 /* OutcomeService.swift in Sources */ = {isa = PBXBuildFile; fileRef = 40590796259E2F5100B98AB4 /* OutcomeService.swift */; };
		4059079A259E2FBE00B98AB4 /* Outcome.swift in Sources */ = {isa = PBXBuildFile; fileRef = 40590799259E2FBE00B98AB4 /* Outcome.swift */; };
		4059079E259E39A600B98AB4 /* PerformPlayerTurn.swift in Sources */ = {isa = PBXBuildFile; fileRef = 4059079D259E39A600B98AB4 /* PerformPlayerTurn.swift */; };
		405907A2259E3AB400B98AB4 /* GetCastlesPublisher.swift in Sources */ = {isa = PBXBuildFile; fileRef = 405907A1259E3AB400B98AB4 /* GetCastlesPublisher.swift */; };
		405907A5259E3B2A00B98AB4 /* GetGoldPublisher.swift in Sources */ = {isa = PBXBuildFile; fileRef = 405907A4259E3B2A00B98AB4 /* GetGoldPublisher.swift */; };
		405907A8259E3C2A00B98AB4 /* GetOutcomePublisher.swift in Sources */ = {isa = PBXBuildFile; fileRef = 405907A7259E3C2A00B98AB4 /* GetOutcomePublisher.swift */; };
		405907AC259E3C7800B98AB4 /* PerformBarbarianTurn.swift in Sources */ = {isa = PBXBuildFile; fileRef = 405907AB259E3C7800B98AB4 /* PerformBarbarianTurn.swift */; };
		405907AF259E3D6C00B98AB4 /* MoveToNextTurn.swift in Sources */ = {isa = PBXBuildFile; fileRef = 405907AE259E3D6C00B98AB4 /* MoveToNextTurn.swift */; };
		405907B2259E3E6B00B98AB4 /* CreateCastle.swift in Sources */ = {isa = PBXBuildFile; fileRef = 405907B1259E3E6B00B98AB4 /* CreateCastle.swift */; };
		405907B5259E3EEA00B98AB4 /* ShopService.swift in Sources */ = {isa = PBXBuildFile; fileRef = 405907B4259E3EEA00B98AB4 /* ShopService.swift */; };
		405907B9259E3EF200B98AB4 /* ShopItem.swift in Sources */ = {isa = PBXBuildFile; fileRef = 405907B8259E3EF200B98AB4 /* ShopItem.swift */; };
		405907BC259E3FF600B98AB4 /* UseCastleItem.swift in Sources */ = {isa = PBXBuildFile; fileRef = 405907BB259E3FF600B98AB4 /* UseCastleItem.swift */; };
		405907BF259E405300B98AB4 /* PurchaseShopItem.swift in Sources */ = {isa = PBXBuildFile; fileRef = 405907BE259E405300B98AB4 /* PurchaseShopItem.swift */; };
		4069D1E825C6F57900375502 /* CastleFire.sks in Resources */ = {isa = PBXBuildFile; fileRef = 4069D1E625C6F57900375502 /* CastleFire.sks */; };
		4069D1E925C6F57900375502 /* Assets.xcassets in Resources */ = {isa = PBXBuildFile; fileRef = 4069D1E725C6F57900375502 /* Assets.xcassets */; };
		4069D1ED25C6F69F00375502 /* SpriteKit.framework in Frameworks */ = {isa = PBXBuildFile; fileRef = 4069D1EC25C6F69F00375502 /* SpriteKit.framework */; };
		4069D1F025C6F6BE00375502 /* CastleEffect.swift in Sources */ = {isa = PBXBuildFile; fileRef = 4069D1EF25C6F6BE00375502 /* CastleEffect.swift */; };
		4069D1F325C6FBEA00375502 /* SparklingCastle.sks in Resources */ = {isa = PBXBuildFile; fileRef = 4069D1F225C6FBEA00375502 /* SparklingCastle.sks */; };
		406C0E9B25AE912400C05870 /* ShopViewModel.swift in Sources */ = {isa = PBXBuildFile; fileRef = 406C0E9A25AE912400C05870 /* ShopViewModel.swift */; };
		406C0E9F25AE915700C05870 /* GetShopItemPublisher.swift in Sources */ = {isa = PBXBuildFile; fileRef = 406C0E9E25AE915700C05870 /* GetShopItemPublisher.swift */; };
		406C0EA225AE926400C05870 /* CastleItemPresenter.swift in Sources */ = {isa = PBXBuildFile; fileRef = 406C0EA125AE926400C05870 /* CastleItemPresenter.swift */; };
		406C0EA625AE950100C05870 /* ShopItemPresenter.swift in Sources */ = {isa = PBXBuildFile; fileRef = 406C0EA525AE950100C05870 /* ShopItemPresenter.swift */; };
		406C0EA925AE96D800C05870 /* GetCastles.swift in Sources */ = {isa = PBXBuildFile; fileRef = 406C0EA825AE96D800C05870 /* GetCastles.swift */; };
		406C0EAC25AE978B00C05870 /* ShopViewController.swift in Sources */ = {isa = PBXBuildFile; fileRef = 406C0EAB25AE978B00C05870 /* ShopViewController.swift */; };
		406C0EAF25AE99F700C05870 /* ShopCell.swift in Sources */ = {isa = PBXBuildFile; fileRef = 406C0EAE25AE99F700C05870 /* ShopCell.swift */; };
		408E147D25C0FC0700E2E26D /* CastlesError.swift in Sources */ = {isa = PBXBuildFile; fileRef = 408E147C25C0FC0700E2E26D /* CastlesError.swift */; };
		408E148025C0FD9200E2E26D /* ErrorViewModel.swift in Sources */ = {isa = PBXBuildFile; fileRef = 408E147F25C0FD9200E2E26D /* ErrorViewModel.swift */; };
		409CF68125FD0E5A0085B44E /* Assets.xcassets in Resources */ = {isa = PBXBuildFile; fileRef = 409CF68025FD0E5A0085B44E /* Assets.xcassets */; };
		409CF68825FD0E5B0085B44E /* CastlesWatch Extension.appex in Embed App Extensions */ = {isa = PBXBuildFile; fileRef = 409CF68725FD0E5B0085B44E /* CastlesWatch Extension.appex */; settings = {ATTRIBUTES = (RemoveHeadersOnCopy, ); }; };
		409CF68D25FD0E5B0085B44E /* CastlesApp.swift in Sources */ = {isa = PBXBuildFile; fileRef = 409CF68C25FD0E5B0085B44E /* CastlesApp.swift */; };
		409CF69125FD0E5B0085B44E /* NotificationController.swift in Sources */ = {isa = PBXBuildFile; fileRef = 409CF69025FD0E5B0085B44E /* NotificationController.swift */; };
		409CF69325FD0E5B0085B44E /* NotificationView.swift in Sources */ = {isa = PBXBuildFile; fileRef = 409CF69225FD0E5B0085B44E /* NotificationView.swift */; };
		409CF69525FD0E5B0085B44E /* ComplicationController.swift in Sources */ = {isa = PBXBuildFile; fileRef = 409CF69425FD0E5B0085B44E /* ComplicationController.swift */; };
		409CF69725FD0E5B0085B44E /* Assets.xcassets in Resources */ = {isa = PBXBuildFile; fileRef = 409CF69625FD0E5B0085B44E /* Assets.xcassets */; };
		409CF69A25FD0E5B0085B44E /* Preview Assets.xcassets in Resources */ = {isa = PBXBuildFile; fileRef = 409CF69925FD0E5B0085B44E /* Preview Assets.xcassets */; };
		409CF69F25FD0E5B0085B44E /* CastlesWatch.app in Embed Watch Content */ = {isa = PBXBuildFile; fileRef = 409CF67E25FD0E590085B44E /* CastlesWatch.app */; settings = {ATTRIBUTES = (RemoveHeadersOnCopy, ); }; };
		409CF6AD25FD11130085B44E /* DashboardView.swift in Sources */ = {isa = PBXBuildFile; fileRef = 409CF6AC25FD11130085B44E /* DashboardView.swift */; };
		409CF6B525FD11B90085B44E /* DashboardViewModel.swift in Sources */ = {isa = PBXBuildFile; fileRef = 409CF6B425FD11B90085B44E /* DashboardViewModel.swift */; };
		409CF6B925FD122E0085B44E /* Kingdom.swift in Sources */ = {isa = PBXBuildFile; fileRef = 409D5307259A30EF002C1509 /* Kingdom.swift */; };
		409CF6BA25FD122E0085B44E /* Castle.swift in Sources */ = {isa = PBXBuildFile; fileRef = 409D530B259A314A002C1509 /* Castle.swift */; };
		409CF6BE25FD12480085B44E /* CurrencyPresenter.swift in Sources */ = {isa = PBXBuildFile; fileRef = 40AC13DE25A008EE00CB81E7 /* CurrencyPresenter.swift */; };
		409D52F1259A30A2002C1509 /* AppDelegate.swift in Sources */ = {isa = PBXBuildFile; fileRef = 409D52F0259A30A2002C1509 /* AppDelegate.swift */; };
		409D52F3259A30A2002C1509 /* SceneDelegate.swift in Sources */ = {isa = PBXBuildFile; fileRef = 409D52F2259A30A2002C1509 /* SceneDelegate.swift */; };
		409D52F8259A30A2002C1509 /* Main.storyboard in Resources */ = {isa = PBXBuildFile; fileRef = 409D52F6259A30A2002C1509 /* Main.storyboard */; };
		409D52FA259A30A2002C1509 /* Assets.xcassets in Resources */ = {isa = PBXBuildFile; fileRef = 409D52F9259A30A2002C1509 /* Assets.xcassets */; };
		409D52FD259A30A2002C1509 /* LaunchScreen.storyboard in Resources */ = {isa = PBXBuildFile; fileRef = 409D52FB259A30A2002C1509 /* LaunchScreen.storyboard */; };
		409D5308259A30EF002C1509 /* Kingdom.swift in Sources */ = {isa = PBXBuildFile; fileRef = 409D5307259A30EF002C1509 /* Kingdom.swift */; };
		409D530C259A314A002C1509 /* Castle.swift in Sources */ = {isa = PBXBuildFile; fileRef = 409D530B259A314A002C1509 /* Castle.swift */; };
		409D530F259A3204002C1509 /* Turm.swift in Sources */ = {isa = PBXBuildFile; fileRef = 409D530E259A3204002C1509 /* Turm.swift */; };
		409D5313259A3417002C1509 /* KingdomService.swift in Sources */ = {isa = PBXBuildFile; fileRef = 409D5312259A3417002C1509 /* KingdomService.swift */; };
		40AC13CC25A0002E00CB81E7 /* ActionCell.swift in Sources */ = {isa = PBXBuildFile; fileRef = 40AC13CB25A0002E00CB81E7 /* ActionCell.swift */; };
		40AC13CF25A0023300CB81E7 /* DashboardViewModel.swift in Sources */ = {isa = PBXBuildFile; fileRef = 40AC13CE25A0023300CB81E7 /* DashboardViewModel.swift */; };
		40AC13D225A0031A00CB81E7 /* GetTurnPublisher.swift in Sources */ = {isa = PBXBuildFile; fileRef = 40AC13D125A0031A00CB81E7 /* GetTurnPublisher.swift */; };
		40AC13D825A007B600CB81E7 /* CastlePresenter.swift in Sources */ = {isa = PBXBuildFile; fileRef = 40AC13D725A007B600CB81E7 /* CastlePresenter.swift */; };
		40AC13DF25A008EE00CB81E7 /* CurrencyPresenter.swift in Sources */ = {isa = PBXBuildFile; fileRef = 40AC13DE25A008EE00CB81E7 /* CurrencyPresenter.swift */; };
		40AFDCDE25D02F3D007C5109 /* Perk.swift in Sources */ = {isa = PBXBuildFile; fileRef = 40AFDCDD25D02F3D007C5109 /* Perk.swift */; };
		40AFDCE125D02FCE007C5109 /* PerkService.swift in Sources */ = {isa = PBXBuildFile; fileRef = 40AFDCE025D02FCE007C5109 /* PerkService.swift */; };
		40AFDCE825D0331A007C5109 /* UsePerk.swift in Sources */ = {isa = PBXBuildFile; fileRef = 40AFDCE725D0331A007C5109 /* UsePerk.swift */; };
		40AFDCEF25D03455007C5109 /* GetPerksPublisher.swift in Sources */ = {isa = PBXBuildFile; fileRef = 40AFDCEE25D03455007C5109 /* GetPerksPublisher.swift */; };
		40B511EB25D9765C0005397E /* NotificationService.swift in Sources */ = {isa = PBXBuildFile; fileRef = 40B511EA25D9765C0005397E /* NotificationService.swift */; };
		40B511EE25D97A1C0005397E /* SchedulePerkNotification.swift in Sources */ = {isa = PBXBuildFile; fileRef = 40B511ED25D97A1C0005397E /* SchedulePerkNotification.swift */; };
		40B511F225D97F5C0005397E /* GetPerkNotificationActionPublisher.swift in Sources */ = {isa = PBXBuildFile; fileRef = 40B511F125D97F5C0005397E /* GetPerkNotificationActionPublisher.swift */; };
		40B511F525D97FCB0005397E /* SyncPerkNotifications.swift in Sources */ = {isa = PBXBuildFile; fileRef = 40B511F425D97FCB0005397E /* SyncPerkNotifications.swift */; };
		40B9A26825D22BBD00B30B47 /* ProgressView.swift in Sources */ = {isa = PBXBuildFile; fileRef = 40B9A26725D22BBD00B30B47 /* ProgressView.swift */; };
		40B9A26C25D22C9E00B30B47 /* BlockedProgressView.swift in Sources */ = {isa = PBXBuildFile; fileRef = 40B9A26B25D22C9E00B30B47 /* BlockedProgressView.swift */; };
		40BFF93325FEF1890031C41C /* PerformPlayerAction.swift in Sources */ = {isa = PBXBuildFile; fileRef = 40BFF93225FEF1890031C41C /* PerformPlayerAction.swift */; };
		40BFF93825FEF1D00031C41C /* GetCastlesPublisher.swift in Sources */ = {isa = PBXBuildFile; fileRef = 40BFF93725FEF1D00031C41C /* GetCastlesPublisher.swift */; };
		40BFF93D25FEF28D0031C41C /* GetGoldPublisher.swift in Sources */ = {isa = PBXBuildFile; fileRef = 40BFF93C25FEF28D0031C41C /* GetGoldPublisher.swift */; };
		40E2A47C25A67CB700052CDE /* OutcomeViewModel.swift in Sources */ = {isa = PBXBuildFile; fileRef = 40E2A47B25A67CB700052CDE /* OutcomeViewModel.swift */; };
		40FBBA3A25A556370019BD72 /* TurnPresenter.swift in Sources */ = {isa = PBXBuildFile; fileRef = 40FBBA3925A556370019BD72 /* TurnPresenter.swift */; };
		40FBBA3F25A55F8C0019BD72 /* OutcomeViewController.swift in Sources */ = {isa = PBXBuildFile; fileRef = 40FBBA3E25A55F8C0019BD72 /* OutcomeViewController.swift */; };
/* End PBXBuildFile section */

/* Begin PBXContainerItemProxy section */
		409CF68925FD0E5B0085B44E /* PBXContainerItemProxy */ = {
			isa = PBXContainerItemProxy;
			containerPortal = 409D52E5259A30A2002C1509 /* Project object */;
			proxyType = 1;
			remoteGlobalIDString = 409CF68625FD0E5B0085B44E;
			remoteInfo = "CastlesWatch Extension";
		};
		409CF69D25FD0E5B0085B44E /* PBXContainerItemProxy */ = {
			isa = PBXContainerItemProxy;
			containerPortal = 409D52E5259A30A2002C1509 /* Project object */;
			proxyType = 1;
			remoteGlobalIDString = 409CF67D25FD0E590085B44E;
			remoteInfo = CastlesWatch;
		};
/* End PBXContainerItemProxy section */

/* Begin PBXCopyFilesBuildPhase section */
		409CF6A025FD0E5B0085B44E /* Embed Watch Content */ = {
			isa = PBXCopyFilesBuildPhase;
			buildActionMask = 2147483647;
			dstPath = "$(CONTENTS_FOLDER_PATH)/Watch";
			dstSubfolderSpec = 16;
			files = (
				409CF69F25FD0E5B0085B44E /* CastlesWatch.app in Embed Watch Content */,
			);
			name = "Embed Watch Content";
			runOnlyForDeploymentPostprocessing = 0;
		};
		409CF6A325FD0E5B0085B44E /* Embed App Extensions */ = {
			isa = PBXCopyFilesBuildPhase;
			buildActionMask = 2147483647;
			dstPath = "";
			dstSubfolderSpec = 13;
			files = (
				409CF68825FD0E5B0085B44E /* CastlesWatch Extension.appex in Embed App Extensions */,
			);
			name = "Embed App Extensions";
			runOnlyForDeploymentPostprocessing = 0;
		};
/* End PBXCopyFilesBuildPhase section */

/* Begin PBXFileReference section */
		40098CD6259FFD8700407120 /* DashboardViewController.swift */ = {isa = PBXFileReference; lastKnownFileType = sourcecode.swift; path = DashboardViewController.swift; sourceTree = "<group>"; };
		402A1BF025A2C896005A3046 /* CastleCell.swift */ = {isa = PBXFileReference; lastKnownFileType = sourcecode.swift; path = CastleCell.swift; sourceTree = "<group>"; };
		403309B025D229A100C91C27 /* PerkPresenter.swift */ = {isa = PBXFileReference; lastKnownFileType = sourcecode.swift; path = PerkPresenter.swift; sourceTree = "<group>"; };
		4041F12B25E499D0004A982F /* SlideInViewController.swift */ = {isa = PBXFileReference; lastKnownFileType = sourcecode.swift; path = SlideInViewController.swift; sourceTree = "<group>"; };
		404328B42601904600CD7C6B /* KingdomService.swift */ = {isa = PBXFileReference; lastKnownFileType = sourcecode.swift; path = KingdomService.swift; sourceTree = "<group>"; };
		40436DBA25AA112500B24B4A /* CastleItem.swift */ = {isa = PBXFileReference; lastKnownFileType = sourcecode.swift; path = CastleItem.swift; sourceTree = "<group>"; };
		40590793259E2A3E00B98AB4 /* TurnService.swift */ = {isa = PBXFileReference; lastKnownFileType = sourcecode.swift; path = TurnService.swift; sourceTree = "<group>"; };
		40590796259E2F5100B98AB4 /* OutcomeService.swift */ = {isa = PBXFileReference; lastKnownFileType = sourcecode.swift; path = OutcomeService.swift; sourceTree = "<group>"; };
		40590799259E2FBE00B98AB4 /* Outcome.swift */ = {isa = PBXFileReference; lastKnownFileType = sourcecode.swift; path = Outcome.swift; sourceTree = "<group>"; };
		4059079D259E39A600B98AB4 /* PerformPlayerTurn.swift */ = {isa = PBXFileReference; lastKnownFileType = sourcecode.swift; path = PerformPlayerTurn.swift; sourceTree = "<group>"; };
		405907A1259E3AB400B98AB4 /* GetCastlesPublisher.swift */ = {isa = PBXFileReference; lastKnownFileType = sourcecode.swift; path = GetCastlesPublisher.swift; sourceTree = "<group>"; };
		405907A4259E3B2A00B98AB4 /* GetGoldPublisher.swift */ = {isa = PBXFileReference; lastKnownFileType = sourcecode.swift; path = GetGoldPublisher.swift; sourceTree = "<group>"; };
		405907A7259E3C2A00B98AB4 /* GetOutcomePublisher.swift */ = {isa = PBXFileReference; lastKnownFileType = sourcecode.swift; path = GetOutcomePublisher.swift; sourceTree = "<group>"; };
		405907AB259E3C7800B98AB4 /* PerformBarbarianTurn.swift */ = {isa = PBXFileReference; lastKnownFileType = sourcecode.swift; path = PerformBarbarianTurn.swift; sourceTree = "<group>"; };
		405907AE259E3D6C00B98AB4 /* MoveToNextTurn.swift */ = {isa = PBXFileReference; lastKnownFileType = sourcecode.swift; path = MoveToNextTurn.swift; sourceTree = "<group>"; };
		405907B1259E3E6B00B98AB4 /* CreateCastle.swift */ = {isa = PBXFileReference; lastKnownFileType = sourcecode.swift; path = CreateCastle.swift; sourceTree = "<group>"; };
		405907B4259E3EEA00B98AB4 /* ShopService.swift */ = {isa = PBXFileReference; lastKnownFileType = sourcecode.swift; path = ShopService.swift; sourceTree = "<group>"; };
		405907B8259E3EF200B98AB4 /* ShopItem.swift */ = {isa = PBXFileReference; lastKnownFileType = sourcecode.swift; path = ShopItem.swift; sourceTree = "<group>"; };
		405907BB259E3FF600B98AB4 /* UseCastleItem.swift */ = {isa = PBXFileReference; lastKnownFileType = sourcecode.swift; path = UseCastleItem.swift; sourceTree = "<group>"; };
		405907BE259E405300B98AB4 /* PurchaseShopItem.swift */ = {isa = PBXFileReference; lastKnownFileType = sourcecode.swift; path = PurchaseShopItem.swift; sourceTree = "<group>"; };
		4069D1E625C6F57900375502 /* CastleFire.sks */ = {isa = PBXFileReference; lastKnownFileType = file.sks; path = CastleFire.sks; sourceTree = "<group>"; };
		4069D1E725C6F57900375502 /* Assets.xcassets */ = {isa = PBXFileReference; lastKnownFileType = folder.assetcatalog; path = Assets.xcassets; sourceTree = "<group>"; };
		4069D1EC25C6F69F00375502 /* SpriteKit.framework */ = {isa = PBXFileReference; lastKnownFileType = wrapper.framework; name = SpriteKit.framework; path = System/Library/Frameworks/SpriteKit.framework; sourceTree = SDKROOT; };
		4069D1EF25C6F6BE00375502 /* CastleEffect.swift */ = {isa = PBXFileReference; lastKnownFileType = sourcecode.swift; path = CastleEffect.swift; sourceTree = "<group>"; };
		4069D1F225C6FBEA00375502 /* SparklingCastle.sks */ = {isa = PBXFileReference; lastKnownFileType = file.sks; path = SparklingCastle.sks; sourceTree = "<group>"; };
		406C0E9A25AE912400C05870 /* ShopViewModel.swift */ = {isa = PBXFileReference; lastKnownFileType = sourcecode.swift; path = ShopViewModel.swift; sourceTree = "<group>"; };
		406C0E9E25AE915700C05870 /* GetShopItemPublisher.swift */ = {isa = PBXFileReference; lastKnownFileType = sourcecode.swift; path = GetShopItemPublisher.swift; sourceTree = "<group>"; };
		406C0EA125AE926400C05870 /* CastleItemPresenter.swift */ = {isa = PBXFileReference; lastKnownFileType = sourcecode.swift; path = CastleItemPresenter.swift; sourceTree = "<group>"; };
		406C0EA525AE950100C05870 /* ShopItemPresenter.swift */ = {isa = PBXFileReference; lastKnownFileType = sourcecode.swift; path = ShopItemPresenter.swift; sourceTree = "<group>"; };
		406C0EA825AE96D800C05870 /* GetCastles.swift */ = {isa = PBXFileReference; lastKnownFileType = sourcecode.swift; path = GetCastles.swift; sourceTree = "<group>"; };
		406C0EAB25AE978B00C05870 /* ShopViewController.swift */ = {isa = PBXFileReference; lastKnownFileType = sourcecode.swift; path = ShopViewController.swift; sourceTree = "<group>"; };
		406C0EAE25AE99F700C05870 /* ShopCell.swift */ = {isa = PBXFileReference; lastKnownFileType = sourcecode.swift; path = ShopCell.swift; sourceTree = "<group>"; };
		408E147C25C0FC0700E2E26D /* CastlesError.swift */ = {isa = PBXFileReference; lastKnownFileType = sourcecode.swift; path = CastlesError.swift; sourceTree = "<group>"; };
		408E147F25C0FD9200E2E26D /* ErrorViewModel.swift */ = {isa = PBXFileReference; lastKnownFileType = sourcecode.swift; path = ErrorViewModel.swift; sourceTree = "<group>"; };
		409CF67E25FD0E590085B44E /* CastlesWatch.app */ = {isa = PBXFileReference; explicitFileType = wrapper.application; includeInIndex = 0; path = CastlesWatch.app; sourceTree = BUILT_PRODUCTS_DIR; };
		409CF68025FD0E5A0085B44E /* Assets.xcassets */ = {isa = PBXFileReference; lastKnownFileType = folder.assetcatalog; path = Assets.xcassets; sourceTree = "<group>"; };
		409CF68225FD0E5A0085B44E /* Info.plist */ = {isa = PBXFileReference; lastKnownFileType = text.plist.xml; path = Info.plist; sourceTree = "<group>"; };
		409CF68725FD0E5B0085B44E /* CastlesWatch Extension.appex */ = {isa = PBXFileReference; explicitFileType = "wrapper.app-extension"; includeInIndex = 0; path = "CastlesWatch Extension.appex"; sourceTree = BUILT_PRODUCTS_DIR; };
		409CF68C25FD0E5B0085B44E /* CastlesApp.swift */ = {isa = PBXFileReference; lastKnownFileType = sourcecode.swift; path = CastlesApp.swift; sourceTree = "<group>"; };
		409CF69025FD0E5B0085B44E /* NotificationController.swift */ = {isa = PBXFileReference; lastKnownFileType = sourcecode.swift; path = NotificationController.swift; sourceTree = "<group>"; };
		409CF69225FD0E5B0085B44E /* NotificationView.swift */ = {isa = PBXFileReference; lastKnownFileType = sourcecode.swift; path = NotificationView.swift; sourceTree = "<group>"; };
		409CF69425FD0E5B0085B44E /* ComplicationController.swift */ = {isa = PBXFileReference; lastKnownFileType = sourcecode.swift; path = ComplicationController.swift; sourceTree = "<group>"; };
		409CF69625FD0E5B0085B44E /* Assets.xcassets */ = {isa = PBXFileReference; lastKnownFileType = folder.assetcatalog; path = Assets.xcassets; sourceTree = "<group>"; };
		409CF69925FD0E5B0085B44E /* Preview Assets.xcassets */ = {isa = PBXFileReference; lastKnownFileType = folder.assetcatalog; path = "Preview Assets.xcassets"; sourceTree = "<group>"; };
		409CF69B25FD0E5B0085B44E /* Info.plist */ = {isa = PBXFileReference; lastKnownFileType = text.plist.xml; path = Info.plist; sourceTree = "<group>"; };
		409CF69C25FD0E5B0085B44E /* PushNotificationPayload.apns */ = {isa = PBXFileReference; lastKnownFileType = text; path = PushNotificationPayload.apns; sourceTree = "<group>"; };
		409CF6AC25FD11130085B44E /* DashboardView.swift */ = {isa = PBXFileReference; lastKnownFileType = sourcecode.swift; path = DashboardView.swift; sourceTree = "<group>"; };
		409CF6B425FD11B90085B44E /* DashboardViewModel.swift */ = {isa = PBXFileReference; lastKnownFileType = sourcecode.swift; path = DashboardViewModel.swift; sourceTree = "<group>"; };
		409D52ED259A30A2002C1509 /* Castles.app */ = {isa = PBXFileReference; explicitFileType = wrapper.application; includeInIndex = 0; path = Castles.app; sourceTree = BUILT_PRODUCTS_DIR; };
		409D52F0259A30A2002C1509 /* AppDelegate.swift */ = {isa = PBXFileReference; lastKnownFileType = sourcecode.swift; path = AppDelegate.swift; sourceTree = "<group>"; };
		409D52F2259A30A2002C1509 /* SceneDelegate.swift */ = {isa = PBXFileReference; lastKnownFileType = sourcecode.swift; path = SceneDelegate.swift; sourceTree = "<group>"; };
		409D52F7259A30A2002C1509 /* Base */ = {isa = PBXFileReference; lastKnownFileType = file.storyboard; name = Base; path = Base.lproj/Main.storyboard; sourceTree = "<group>"; };
		409D52F9259A30A2002C1509 /* Assets.xcassets */ = {isa = PBXFileReference; lastKnownFileType = folder.assetcatalog; path = Assets.xcassets; sourceTree = "<group>"; };
		409D52FC259A30A2002C1509 /* Base */ = {isa = PBXFileReference; lastKnownFileType = file.storyboard; name = Base; path = Base.lproj/LaunchScreen.storyboard; sourceTree = "<group>"; };
		409D52FE259A30A2002C1509 /* Info.plist */ = {isa = PBXFileReference; lastKnownFileType = text.plist.xml; path = Info.plist; sourceTree = "<group>"; };
		409D5307259A30EF002C1509 /* Kingdom.swift */ = {isa = PBXFileReference; lastKnownFileType = sourcecode.swift; path = Kingdom.swift; sourceTree = "<group>"; };
		409D530B259A314A002C1509 /* Castle.swift */ = {isa = PBXFileReference; lastKnownFileType = sourcecode.swift; path = Castle.swift; sourceTree = "<group>"; };
		409D530E259A3204002C1509 /* Turm.swift */ = {isa = PBXFileReference; lastKnownFileType = sourcecode.swift; path = Turm.swift; sourceTree = "<group>"; };
		409D5312259A3417002C1509 /* KingdomService.swift */ = {isa = PBXFileReference; lastKnownFileType = sourcecode.swift; path = KingdomService.swift; sourceTree = "<group>"; };
		40AC13CB25A0002E00CB81E7 /* ActionCell.swift */ = {isa = PBXFileReference; lastKnownFileType = sourcecode.swift; path = ActionCell.swift; sourceTree = "<group>"; };
		40AC13CE25A0023300CB81E7 /* DashboardViewModel.swift */ = {isa = PBXFileReference; lastKnownFileType = sourcecode.swift; path = DashboardViewModel.swift; sourceTree = "<group>"; };
		40AC13D125A0031A00CB81E7 /* GetTurnPublisher.swift */ = {isa = PBXFileReference; lastKnownFileType = sourcecode.swift; path = GetTurnPublisher.swift; sourceTree = "<group>"; };
		40AC13D725A007B600CB81E7 /* CastlePresenter.swift */ = {isa = PBXFileReference; lastKnownFileType = sourcecode.swift; path = CastlePresenter.swift; sourceTree = "<group>"; };
		40AC13DE25A008EE00CB81E7 /* CurrencyPresenter.swift */ = {isa = PBXFileReference; lastKnownFileType = sourcecode.swift; path = CurrencyPresenter.swift; sourceTree = "<group>"; };
		40AFDCDD25D02F3D007C5109 /* Perk.swift */ = {isa = PBXFileReference; lastKnownFileType = sourcecode.swift; path = Perk.swift; sourceTree = "<group>"; };
		40AFDCE025D02FCE007C5109 /* PerkService.swift */ = {isa = PBXFileReference; lastKnownFileType = sourcecode.swift; path = PerkService.swift; sourceTree = "<group>"; };
		40AFDCE725D0331A007C5109 /* UsePerk.swift */ = {isa = PBXFileReference; lastKnownFileType = sourcecode.swift; path = UsePerk.swift; sourceTree = "<group>"; };
		40AFDCEE25D03455007C5109 /* GetPerksPublisher.swift */ = {isa = PBXFileReference; lastKnownFileType = sourcecode.swift; path = GetPerksPublisher.swift; sourceTree = "<group>"; };
		40B511EA25D9765C0005397E /* NotificationService.swift */ = {isa = PBXFileReference; lastKnownFileType = sourcecode.swift; path = NotificationService.swift; sourceTree = "<group>"; };
		40B511ED25D97A1C0005397E /* SchedulePerkNotification.swift */ = {isa = PBXFileReference; lastKnownFileType = sourcecode.swift; path = SchedulePerkNotification.swift; sourceTree = "<group>"; };
		40B511F125D97F5C0005397E /* GetPerkNotificationActionPublisher.swift */ = {isa = PBXFileReference; lastKnownFileType = sourcecode.swift; path = GetPerkNotificationActionPublisher.swift; sourceTree = "<group>"; };
		40B511F425D97FCB0005397E /* SyncPerkNotifications.swift */ = {isa = PBXFileReference; lastKnownFileType = sourcecode.swift; path = SyncPerkNotifications.swift; sourceTree = "<group>"; };
		40B9A26725D22BBD00B30B47 /* ProgressView.swift */ = {isa = PBXFileReference; lastKnownFileType = sourcecode.swift; path = ProgressView.swift; sourceTree = "<group>"; };
		40B9A26B25D22C9E00B30B47 /* BlockedProgressView.swift */ = {isa = PBXFileReference; lastKnownFileType = sourcecode.swift; path = BlockedProgressView.swift; sourceTree = "<group>"; };
		40BFF93225FEF1890031C41C /* PerformPlayerAction.swift */ = {isa = PBXFileReference; lastKnownFileType = sourcecode.swift; path = PerformPlayerAction.swift; sourceTree = "<group>"; };
		40BFF93725FEF1D00031C41C /* GetCastlesPublisher.swift */ = {isa = PBXFileReference; lastKnownFileType = sourcecode.swift; path = GetCastlesPublisher.swift; sourceTree = "<group>"; };
		40BFF93C25FEF28D0031C41C /* GetGoldPublisher.swift */ = {isa = PBXFileReference; lastKnownFileType = sourcecode.swift; path = GetGoldPublisher.swift; sourceTree = "<group>"; };
		40E2A47B25A67CB700052CDE /* OutcomeViewModel.swift */ = {isa = PBXFileReference; lastKnownFileType = sourcecode.swift; path = OutcomeViewModel.swift; sourceTree = "<group>"; };
		40FBBA3925A556370019BD72 /* TurnPresenter.swift */ = {isa = PBXFileReference; lastKnownFileType = sourcecode.swift; path = TurnPresenter.swift; sourceTree = "<group>"; };
		40FBBA3E25A55F8C0019BD72 /* OutcomeViewController.swift */ = {isa = PBXFileReference; lastKnownFileType = sourcecode.swift; path = OutcomeViewController.swift; sourceTree = "<group>"; };
/* End PBXFileReference section */

/* Begin PBXFrameworksBuildPhase section */
		409CF68425FD0E5B0085B44E /* Frameworks */ = {
			isa = PBXFrameworksBuildPhase;
			buildActionMask = 2147483647;
			files = (
			);
			runOnlyForDeploymentPostprocessing = 0;
		};
		409D52EA259A30A2002C1509 /* Frameworks */ = {
			isa = PBXFrameworksBuildPhase;
			buildActionMask = 2147483647;
			files = (
				4069D1ED25C6F69F00375502 /* SpriteKit.framework in Frameworks */,
			);
			runOnlyForDeploymentPostprocessing = 0;
		};
/* End PBXFrameworksBuildPhase section */

/* Begin PBXGroup section */
		40098CD3259FFC8200407120 /* Scenes */ = {
			isa = PBXGroup;
			children = (
				40098CD9259FFD8C00407120 /* Dashboard */,
				40FBBA3C25A55EFF0019BD72 /* Outcome */,
				406C0E9925AE911A00C05870 /* Shop */,
			);
			path = Scenes;
			sourceTree = "<group>";
		};
		40098CD9259FFD8C00407120 /* Dashboard */ = {
			isa = PBXGroup;
			children = (
				40098CD6259FFD8700407120 /* DashboardViewController.swift */,
				40AC13CE25A0023300CB81E7 /* DashboardViewModel.swift */,
				40AC13CB25A0002E00CB81E7 /* ActionCell.swift */,
				402A1BF025A2C896005A3046 /* CastleCell.swift */,
			);
			path = Dashboard;
			sourceTree = "<group>";
		};
		4041F12625E4974F004A982F /* Progress */ = {
			isa = PBXGroup;
			children = (
				40B9A26725D22BBD00B30B47 /* ProgressView.swift */,
				40B9A26B25D22C9E00B30B47 /* BlockedProgressView.swift */,
			);
			path = Progress;
			sourceTree = "<group>";
		};
		404328AB26018FB400CD7C6B /* Services */ = {
			isa = PBXGroup;
			children = (
				404328B42601904600CD7C6B /* KingdomService.swift */,
			);
			path = Services;
			sourceTree = "<group>";
		};
		4059079C259E399300B98AB4 /* UseCases */ = {
			isa = PBXGroup;
			children = (
				405907B1259E3E6B00B98AB4 /* CreateCastle.swift */,
				406C0EA825AE96D800C05870 /* GetCastles.swift */,
				405907A1259E3AB400B98AB4 /* GetCastlesPublisher.swift */,
				405907A4259E3B2A00B98AB4 /* GetGoldPublisher.swift */,
				405907A7259E3C2A00B98AB4 /* GetOutcomePublisher.swift */,
				40AFDCEE25D03455007C5109 /* GetPerksPublisher.swift */,
				40B511F125D97F5C0005397E /* GetPerkNotificationActionPublisher.swift */,
				406C0E9E25AE915700C05870 /* GetShopItemPublisher.swift */,
				40AC13D125A0031A00CB81E7 /* GetTurnPublisher.swift */,
				405907AE259E3D6C00B98AB4 /* MoveToNextTurn.swift */,
				405907AB259E3C7800B98AB4 /* PerformBarbarianTurn.swift */,
				4059079D259E39A600B98AB4 /* PerformPlayerTurn.swift */,
				405907BE259E405300B98AB4 /* PurchaseShopItem.swift */,
				40B511ED25D97A1C0005397E /* SchedulePerkNotification.swift */,
				40B511F425D97FCB0005397E /* SyncPerkNotifications.swift */,
				405907BB259E3FF600B98AB4 /* UseCastleItem.swift */,
				40AFDCE725D0331A007C5109 /* UsePerk.swift */,
			);
			path = UseCases;
			sourceTree = "<group>";
		};
		4069D1E525C6F55A00375502 /* ParticleEmitters */ = {
			isa = PBXGroup;
			children = (
				4069D1E625C6F57900375502 /* CastleFire.sks */,
				4069D1E725C6F57900375502 /* Assets.xcassets */,
				4069D1F225C6FBEA00375502 /* SparklingCastle.sks */,
			);
			path = ParticleEmitters;
			sourceTree = "<group>";
		};
		4069D1EB25C6F69F00375502 /* Frameworks */ = {
			isa = PBXGroup;
			children = (
				4069D1EC25C6F69F00375502 /* SpriteKit.framework */,
			);
			name = Frameworks;
			sourceTree = "<group>";
		};
		4069D1EE25C6F6AE00375502 /* Presentation */ = {
			isa = PBXGroup;
			children = (
				4069D1EF25C6F6BE00375502 /* CastleEffect.swift */,
			);
			path = Presentation;
			sourceTree = "<group>";
		};
		406C0E9925AE911A00C05870 /* Shop */ = {
			isa = PBXGroup;
			children = (
				406C0E9A25AE912400C05870 /* ShopViewModel.swift */,
				406C0EAB25AE978B00C05870 /* ShopViewController.swift */,
				406C0EAE25AE99F700C05870 /* ShopCell.swift */,
			);
			path = Shop;
			sourceTree = "<group>";
		};
		409CF67F25FD0E590085B44E /* CastlesWatch */ = {
			isa = PBXGroup;
			children = (
				409CF68025FD0E5A0085B44E /* Assets.xcassets */,
				409CF68225FD0E5A0085B44E /* Info.plist */,
			);
			path = CastlesWatch;
			sourceTree = "<group>";
		};
		409CF68B25FD0E5B0085B44E /* CastlesWatch Extension */ = {
			isa = PBXGroup;
			children = (
				404328AB26018FB400CD7C6B /* Services */,
				409CF6C325FD12640085B44E /* UseCases */,
				409CF6C225FD12520085B44E /* Scenes */,
				409CF68C25FD0E5B0085B44E /* CastlesApp.swift */,
				409CF69025FD0E5B0085B44E /* NotificationController.swift */,
				409CF69225FD0E5B0085B44E /* NotificationView.swift */,
				409CF69425FD0E5B0085B44E /* ComplicationController.swift */,
				409CF69625FD0E5B0085B44E /* Assets.xcassets */,
				409CF69B25FD0E5B0085B44E /* Info.plist */,
				409CF69C25FD0E5B0085B44E /* PushNotificationPayload.apns */,
				409CF69825FD0E5B0085B44E /* Preview Content */,
			);
			path = "CastlesWatch Extension";
			sourceTree = "<group>";
		};
		409CF69825FD0E5B0085B44E /* Preview Content */ = {
			isa = PBXGroup;
			children = (
				409CF69925FD0E5B0085B44E /* Preview Assets.xcassets */,
			);
			path = "Preview Content";
			sourceTree = "<group>";
		};
		409CF6AB25FD11070085B44E /* Dashboard */ = {
			isa = PBXGroup;
			children = (
				409CF6AC25FD11130085B44E /* DashboardView.swift */,
				409CF6B425FD11B90085B44E /* DashboardViewModel.swift */,
			);
			path = Dashboard;
			sourceTree = "<group>";
		};
		409CF6C225FD12520085B44E /* Scenes */ = {
			isa = PBXGroup;
			children = (
				409CF6AB25FD11070085B44E /* Dashboard */,
			);
			path = Scenes;
			sourceTree = "<group>";
		};
		409CF6C325FD12640085B44E /* UseCases */ = {
			isa = PBXGroup;
			children = (
				40BFF93225FEF1890031C41C /* PerformPlayerAction.swift */,
				40BFF93725FEF1D00031C41C /* GetCastlesPublisher.swift */,
				40BFF93C25FEF28D0031C41C /* GetGoldPublisher.swift */,
			);
			path = UseCases;
			sourceTree = "<group>";
		};
		409D52E4259A30A2002C1509 = {
			isa = PBXGroup;
			children = (
				409D52EF259A30A2002C1509 /* Castles */,
				409CF67F25FD0E590085B44E /* CastlesWatch */,
				409CF68B25FD0E5B0085B44E /* CastlesWatch Extension */,
				409D52EE259A30A2002C1509 /* Products */,
				4069D1EB25C6F69F00375502 /* Frameworks */,
			);
			sourceTree = "<group>";
		};
		409D52EE259A30A2002C1509 /* Products */ = {
			isa = PBXGroup;
			children = (
				409D52ED259A30A2002C1509 /* Castles.app */,
				409CF67E25FD0E590085B44E /* CastlesWatch.app */,
				409CF68725FD0E5B0085B44E /* CastlesWatch Extension.appex */,
			);
			name = Products;
			sourceTree = "<group>";
		};
		409D52EF259A30A2002C1509 /* Castles */ = {
			isa = PBXGroup;
			children = (
				40B9A26625D22BAF00B30B47 /* Views */,
				4069D1EE25C6F6AE00375502 /* Presentation */,
				40AC13D625A007AD00CB81E7 /* Presenter */,
				409D5306259A30E7002C1509 /* Model */,
				409D5311259A33E1002C1509 /* Services */,
				4059079C259E399300B98AB4 /* UseCases */,
				40098CD3259FFC8200407120 /* Scenes */,
				409D52F0259A30A2002C1509 /* AppDelegate.swift */,
				409D52F2259A30A2002C1509 /* SceneDelegate.swift */,
				409D52F6259A30A2002C1509 /* Main.storyboard */,
				409D52F9259A30A2002C1509 /* Assets.xcassets */,
				4069D1E525C6F55A00375502 /* ParticleEmitters */,
				409D52FB259A30A2002C1509 /* LaunchScreen.storyboard */,
				409D52FE259A30A2002C1509 /* Info.plist */,
			);
			path = Castles;
			sourceTree = "<group>";
		};
		409D5306259A30E7002C1509 /* Model */ = {
			isa = PBXGroup;
			children = (
				409D530B259A314A002C1509 /* Castle.swift */,
				409D5307259A30EF002C1509 /* Kingdom.swift */,
				40590799259E2FBE00B98AB4 /* Outcome.swift */,
				409D530E259A3204002C1509 /* Turm.swift */,
				405907B8259E3EF200B98AB4 /* ShopItem.swift */,
				40436DBA25AA112500B24B4A /* CastleItem.swift */,
				40AFDCDD25D02F3D007C5109 /* Perk.swift */,
			);
			path = Model;
			sourceTree = "<group>";
		};
		409D5311259A33E1002C1509 /* Services */ = {
			isa = PBXGroup;
			children = (
				409D5312259A3417002C1509 /* KingdomService.swift */,
				40590796259E2F5100B98AB4 /* OutcomeService.swift */,
				40590793259E2A3E00B98AB4 /* TurnService.swift */,
				405907B4259E3EEA00B98AB4 /* ShopService.swift */,
				408E147C25C0FC0700E2E26D /* CastlesError.swift */,
				40AFDCE025D02FCE007C5109 /* PerkService.swift */,
				40B511EA25D9765C0005397E /* NotificationService.swift */,
			);
			path = Services;
			sourceTree = "<group>";
		};
		40AC13D625A007AD00CB81E7 /* Presenter */ = {
			isa = PBXGroup;
			children = (
				40AC13D725A007B600CB81E7 /* CastlePresenter.swift */,
				40AC13DE25A008EE00CB81E7 /* CurrencyPresenter.swift */,
				40FBBA3925A556370019BD72 /* TurnPresenter.swift */,
				406C0EA125AE926400C05870 /* CastleItemPresenter.swift */,
				406C0EA525AE950100C05870 /* ShopItemPresenter.swift */,
				408E147F25C0FD9200E2E26D /* ErrorViewModel.swift */,
				403309B025D229A100C91C27 /* PerkPresenter.swift */,
			);
			path = Presenter;
			sourceTree = "<group>";
		};
		40B9A26625D22BAF00B30B47 /* Views */ = {
			isa = PBXGroup;
			children = (
				4041F12625E4974F004A982F /* Progress */,
				4041F12B25E499D0004A982F /* SlideInViewController.swift */,
			);
			path = Views;
			sourceTree = "<group>";
		};
		40FBBA3C25A55EFF0019BD72 /* Outcome */ = {
			isa = PBXGroup;
			children = (
				40FBBA3E25A55F8C0019BD72 /* OutcomeViewController.swift */,
				40E2A47B25A67CB700052CDE /* OutcomeViewModel.swift */,
			);
			path = Outcome;
			sourceTree = "<group>";
		};
/* End PBXGroup section */

/* Begin PBXNativeTarget section */
		409CF67D25FD0E590085B44E /* CastlesWatch */ = {
			isa = PBXNativeTarget;
			buildConfigurationList = 409CF6A725FD0E5B0085B44E /* Build configuration list for PBXNativeTarget "CastlesWatch" */;
			buildPhases = (
				409CF67C25FD0E590085B44E /* Resources */,
				409CF6A325FD0E5B0085B44E /* Embed App Extensions */,
			);
			buildRules = (
			);
			dependencies = (
				409CF68A25FD0E5B0085B44E /* PBXTargetDependency */,
			);
			name = CastlesWatch;
			productName = CastlesWatch;
			productReference = 409CF67E25FD0E590085B44E /* CastlesWatch.app */;
			productType = "com.apple.product-type.application.watchapp2";
		};
		409CF68625FD0E5B0085B44E /* CastlesWatch Extension */ = {
			isa = PBXNativeTarget;
			buildConfigurationList = 409CF6A625FD0E5B0085B44E /* Build configuration list for PBXNativeTarget "CastlesWatch Extension" */;
			buildPhases = (
				409CF68325FD0E5B0085B44E /* Sources */,
				409CF68425FD0E5B0085B44E /* Frameworks */,
				409CF68525FD0E5B0085B44E /* Resources */,
			);
			buildRules = (
			);
			dependencies = (
			);
			name = "CastlesWatch Extension";
			productName = "CastlesWatch Extension";
			productReference = 409CF68725FD0E5B0085B44E /* CastlesWatch Extension.appex */;
			productType = "com.apple.product-type.watchkit2-extension";
		};
		409D52EC259A30A2002C1509 /* Castles */ = {
			isa = PBXNativeTarget;
			buildConfigurationList = 409D5301259A30A2002C1509 /* Build configuration list for PBXNativeTarget "Castles" */;
			buildPhases = (
				409D52E9259A30A2002C1509 /* Sources */,
				409D52EA259A30A2002C1509 /* Frameworks */,
				409D52EB259A30A2002C1509 /* Resources */,
				409CF6A025FD0E5B0085B44E /* Embed Watch Content */,
			);
			buildRules = (
			);
			dependencies = (
				409CF69E25FD0E5B0085B44E /* PBXTargetDependency */,
			);
			name = Castles;
			productName = Castles;
			productReference = 409D52ED259A30A2002C1509 /* Castles.app */;
			productType = "com.apple.product-type.application";
		};
/* End PBXNativeTarget section */

/* Begin PBXProject section */
		409D52E5259A30A2002C1509 /* Project object */ = {
			isa = PBXProject;
			attributes = {
				LastSwiftUpdateCheck = 1240;
				LastUpgradeCheck = 1230;
				TargetAttributes = {
					409CF67D25FD0E590085B44E = {
						CreatedOnToolsVersion = 12.4;
					};
					409CF68625FD0E5B0085B44E = {
						CreatedOnToolsVersion = 12.4;
					};
					409D52EC259A30A2002C1509 = {
						CreatedOnToolsVersion = 12.3;
					};
				};
			};
			buildConfigurationList = 409D52E8259A30A2002C1509 /* Build configuration list for PBXProject "Castles" */;
			compatibilityVersion = "Xcode 9.3";
			developmentRegion = en;
			hasScannedForEncodings = 0;
			knownRegions = (
				en,
				Base,
			);
			mainGroup = 409D52E4259A30A2002C1509;
			productRefGroup = 409D52EE259A30A2002C1509 /* Products */;
			projectDirPath = "";
			projectRoot = "";
			targets = (
				409D52EC259A30A2002C1509 /* Castles */,
				409CF67D25FD0E590085B44E /* CastlesWatch */,
				409CF68625FD0E5B0085B44E /* CastlesWatch Extension */,
			);
		};
/* End PBXProject section */

/* Begin PBXResourcesBuildPhase section */
		409CF67C25FD0E590085B44E /* Resources */ = {
			isa = PBXResourcesBuildPhase;
			buildActionMask = 2147483647;
			files = (
				409CF68125FD0E5A0085B44E /* Assets.xcassets in Resources */,
			);
			runOnlyForDeploymentPostprocessing = 0;
		};
		409CF68525FD0E5B0085B44E /* Resources */ = {
			isa = PBXResourcesBuildPhase;
			buildActionMask = 2147483647;
			files = (
				409CF69A25FD0E5B0085B44E /* Preview Assets.xcassets in Resources */,
				409CF69725FD0E5B0085B44E /* Assets.xcassets in Resources */,
			);
			runOnlyForDeploymentPostprocessing = 0;
		};
		409D52EB259A30A2002C1509 /* Resources */ = {
			isa = PBXResourcesBuildPhase;
			buildActionMask = 2147483647;
			files = (
				409D52FD259A30A2002C1509 /* LaunchScreen.storyboard in Resources */,
				409D52FA259A30A2002C1509 /* Assets.xcassets in Resources */,
				409D52F8259A30A2002C1509 /* Main.storyboard in Resources */,
				4069D1E825C6F57900375502 /* CastleFire.sks in Resources */,
				4069D1E925C6F57900375502 /* Assets.xcassets in Resources */,
				4069D1F325C6FBEA00375502 /* SparklingCastle.sks in Resources */,
			);
			runOnlyForDeploymentPostprocessing = 0;
		};
/* End PBXResourcesBuildPhase section */

/* Begin PBXSourcesBuildPhase section */
		409CF68325FD0E5B0085B44E /* Sources */ = {
			isa = PBXSourcesBuildPhase;
			buildActionMask = 2147483647;
			files = (
				409CF69125FD0E5B0085B44E /* NotificationController.swift in Sources */,
				40BFF93D25FEF28D0031C41C /* GetGoldPublisher.swift in Sources */,
				409CF6AD25FD11130085B44E /* DashboardView.swift in Sources */,
				409CF69525FD0E5B0085B44E /* ComplicationController.swift in Sources */,
				40BFF93825FEF1D00031C41C /* GetCastlesPublisher.swift in Sources */,
				409CF6BA25FD122E0085B44E /* Castle.swift in Sources */,
				409CF6BE25FD12480085B44E /* CurrencyPresenter.swift in Sources */,
				409CF6B925FD122E0085B44E /* Kingdom.swift in Sources */,
				404328B52601904600CD7C6B /* KingdomService.swift in Sources */,
				409CF6B525FD11B90085B44E /* DashboardViewModel.swift in Sources */,
				409CF68D25FD0E5B0085B44E /* CastlesApp.swift in Sources */,
				40BFF93325FEF1890031C41C /* PerformPlayerAction.swift in Sources */,
				409CF69325FD0E5B0085B44E /* NotificationView.swift in Sources */,
			);
			runOnlyForDeploymentPostprocessing = 0;
		};
		409D52E9259A30A2002C1509 /* Sources */ = {
			isa = PBXSourcesBuildPhase;
			buildActionMask = 2147483647;
			files = (
				405907AF259E3D6C00B98AB4 /* MoveToNextTurn.swift in Sources */,
				40098CD7259FFD8700407120 /* DashboardViewController.swift in Sources */,
				406C0EA925AE96D800C05870 /* GetCastles.swift in Sources */,
				40B511F525D97FCB0005397E /* SyncPerkNotifications.swift in Sources */,
				405907B5259E3EEA00B98AB4 /* ShopService.swift in Sources */,
				40AC13DF25A008EE00CB81E7 /* CurrencyPresenter.swift in Sources */,
				40AFDCDE25D02F3D007C5109 /* Perk.swift in Sources */,
				409D530F259A3204002C1509 /* Turm.swift in Sources */,
				405907A8259E3C2A00B98AB4 /* GetOutcomePublisher.swift in Sources */,
				40B9A26C25D22C9E00B30B47 /* BlockedProgressView.swift in Sources */,
				406C0EAF25AE99F700C05870 /* ShopCell.swift in Sources */,
				40AC13D825A007B600CB81E7 /* CastlePresenter.swift in Sources */,
				406C0E9F25AE915700C05870 /* GetShopItemPublisher.swift in Sources */,
				4069D1F025C6F6BE00375502 /* CastleEffect.swift in Sources */,
				405907A5259E3B2A00B98AB4 /* GetGoldPublisher.swift in Sources */,
				405907BF259E405300B98AB4 /* PurchaseShopItem.swift in Sources */,
				409D5313259A3417002C1509 /* KingdomService.swift in Sources */,
				40FBBA3F25A55F8C0019BD72 /* OutcomeViewController.swift in Sources */,
				4059079A259E2FBE00B98AB4 /* Outcome.swift in Sources */,
				405907A2259E3AB400B98AB4 /* GetCastlesPublisher.swift in Sources */,
				40E2A47C25A67CB700052CDE /* OutcomeViewModel.swift in Sources */,
				40B9A26825D22BBD00B30B47 /* ProgressView.swift in Sources */,
				402A1BF125A2C896005A3046 /* CastleCell.swift in Sources */,
				403309B125D229A100C91C27 /* PerkPresenter.swift in Sources */,
				40B511EB25D9765C0005397E /* NotificationService.swift in Sources */,
				405907BC259E3FF600B98AB4 /* UseCastleItem.swift in Sources */,
				409D52F1259A30A2002C1509 /* AppDelegate.swift in Sources */,
				406C0EA625AE950100C05870 /* ShopItemPresenter.swift in Sources */,
				40AFDCE825D0331A007C5109 /* UsePerk.swift in Sources */,
				40590794259E2A3E00B98AB4 /* TurnService.swift in Sources */,
				4059079E259E39A600B98AB4 /* PerformPlayerTurn.swift in Sources */,
				40590797259E2F5100B98AB4 /* OutcomeService.swift in Sources */,
				4041F12C25E499D0004A982F /* SlideInViewController.swift in Sources */,
				40AFDCE125D02FCE007C5109 /* PerkService.swift in Sources */,
				40B511F225D97F5C0005397E /* GetPerkNotificationActionPublisher.swift in Sources */,
				406C0E9B25AE912400C05870 /* ShopViewModel.swift in Sources */,
				40AC13CF25A0023300CB81E7 /* DashboardViewModel.swift in Sources */,
				40FBBA3A25A556370019BD72 /* TurnPresenter.swift in Sources */,
				40AC13D225A0031A00CB81E7 /* GetTurnPublisher.swift in Sources */,
				40AC13CC25A0002E00CB81E7 /* ActionCell.swift in Sources */,
				408E148025C0FD9200E2E26D /* ErrorViewModel.swift in Sources */,
				409D5308259A30EF002C1509 /* Kingdom.swift in Sources */,
				405907AC259E3C7800B98AB4 /* PerformBarbarianTurn.swift in Sources */,
				405907B9259E3EF200B98AB4 /* ShopItem.swift in Sources */,
				40436DBB25AA112500B24B4A /* CastleItem.swift in Sources */,
				405907B2259E3E6B00B98AB4 /* CreateCastle.swift in Sources */,
				408E147D25C0FC0700E2E26D /* CastlesError.swift in Sources */,
				409D52F3259A30A2002C1509 /* SceneDelegate.swift in Sources */,
				40AFDCEF25D03455007C5109 /* GetPerksPublisher.swift in Sources */,
				409D530C259A314A002C1509 /* Castle.swift in Sources */,
				40B511EE25D97A1C0005397E /* SchedulePerkNotification.swift in Sources */,
				406C0EA225AE926400C05870 /* CastleItemPresenter.swift in Sources */,
				406C0EAC25AE978B00C05870 /* ShopViewController.swift in Sources */,
			);
			runOnlyForDeploymentPostprocessing = 0;
		};
/* End PBXSourcesBuildPhase section */

/* Begin PBXTargetDependency section */
		409CF68A25FD0E5B0085B44E /* PBXTargetDependency */ = {
			isa = PBXTargetDependency;
			target = 409CF68625FD0E5B0085B44E /* CastlesWatch Extension */;
			targetProxy = 409CF68925FD0E5B0085B44E /* PBXContainerItemProxy */;
		};
		409CF69E25FD0E5B0085B44E /* PBXTargetDependency */ = {
			isa = PBXTargetDependency;
			target = 409CF67D25FD0E590085B44E /* CastlesWatch */;
			targetProxy = 409CF69D25FD0E5B0085B44E /* PBXContainerItemProxy */;
		};
/* End PBXTargetDependency section */

/* Begin PBXVariantGroup section */
		409D52F6259A30A2002C1509 /* Main.storyboard */ = {
			isa = PBXVariantGroup;
			children = (
				409D52F7259A30A2002C1509 /* Base */,
			);
			name = Main.storyboard;
			sourceTree = "<group>";
		};
		409D52FB259A30A2002C1509 /* LaunchScreen.storyboard */ = {
			isa = PBXVariantGroup;
			children = (
				409D52FC259A30A2002C1509 /* Base */,
			);
			name = LaunchScreen.storyboard;
			sourceTree = "<group>";
		};
/* End PBXVariantGroup section */

/* Begin XCBuildConfiguration section */
		409CF6A125FD0E5B0085B44E /* Debug */ = {
			isa = XCBuildConfiguration;
			buildSettings = {
				ALWAYS_EMBED_SWIFT_STANDARD_LIBRARIES = YES;
				ASSETCATALOG_COMPILER_APPICON_NAME = AppIcon;
				ASSETCATALOG_COMPILER_GLOBAL_ACCENT_COLOR_NAME = AccentColor;
				CODE_SIGN_STYLE = Automatic;
				IBSC_MODULE = CastlesWatch_Extension;
				INFOPLIST_FILE = CastlesWatch/Info.plist;
				PRODUCT_BUNDLE_IDENTIFIER = com.CodingWithTom.Castles.watchkitapp;
				PRODUCT_NAME = "$(TARGET_NAME)";
				SDKROOT = watchos;
				SKIP_INSTALL = YES;
				SWIFT_VERSION = 5.0;
				TARGETED_DEVICE_FAMILY = 4;
				WATCHOS_DEPLOYMENT_TARGET = 7.2;
			};
			name = Debug;
		};
		409CF6A225FD0E5B0085B44E /* Release */ = {
			isa = XCBuildConfiguration;
			buildSettings = {
				ALWAYS_EMBED_SWIFT_STANDARD_LIBRARIES = YES;
				ASSETCATALOG_COMPILER_APPICON_NAME = AppIcon;
				ASSETCATALOG_COMPILER_GLOBAL_ACCENT_COLOR_NAME = AccentColor;
				CODE_SIGN_STYLE = Automatic;
				IBSC_MODULE = CastlesWatch_Extension;
				INFOPLIST_FILE = CastlesWatch/Info.plist;
				PRODUCT_BUNDLE_IDENTIFIER = com.CodingWithTom.Castles.watchkitapp;
				PRODUCT_NAME = "$(TARGET_NAME)";
				SDKROOT = watchos;
				SKIP_INSTALL = YES;
				SWIFT_VERSION = 5.0;
				TARGETED_DEVICE_FAMILY = 4;
				WATCHOS_DEPLOYMENT_TARGET = 7.2;
			};
			name = Release;
		};
		409CF6A425FD0E5B0085B44E /* Debug */ = {
			isa = XCBuildConfiguration;
			buildSettings = {
				ASSETCATALOG_COMPILER_COMPLICATION_NAME = Complication;
				CODE_SIGN_STYLE = Automatic;
				DEVELOPMENT_ASSET_PATHS = "\"CastlesWatch Extension/Preview Content\"";
				ENABLE_PREVIEWS = YES;
				INFOPLIST_FILE = "CastlesWatch Extension/Info.plist";
				LD_RUNPATH_SEARCH_PATHS = (
					"$(inherited)",
					"@executable_path/Frameworks",
					"@executable_path/../../Frameworks",
				);
				PRODUCT_BUNDLE_IDENTIFIER = com.CodingWithTom.Castles.watchkitapp.watchkitextension;
				PRODUCT_NAME = "${TARGET_NAME}";
				SDKROOT = watchos;
				SKIP_INSTALL = YES;
				SWIFT_VERSION = 5.0;
				TARGETED_DEVICE_FAMILY = 4;
				WATCHOS_DEPLOYMENT_TARGET = 7.2;
			};
			name = Debug;
		};
		409CF6A525FD0E5B0085B44E /* Release */ = {
			isa = XCBuildConfiguration;
			buildSettings = {
				ASSETCATALOG_COMPILER_COMPLICATION_NAME = Complication;
				CODE_SIGN_STYLE = Automatic;
				DEVELOPMENT_ASSET_PATHS = "\"CastlesWatch Extension/Preview Content\"";
				ENABLE_PREVIEWS = YES;
				INFOPLIST_FILE = "CastlesWatch Extension/Info.plist";
				LD_RUNPATH_SEARCH_PATHS = (
					"$(inherited)",
					"@executable_path/Frameworks",
					"@executable_path/../../Frameworks",
				);
				PRODUCT_BUNDLE_IDENTIFIER = com.CodingWithTom.Castles.watchkitapp.watchkitextension;
				PRODUCT_NAME = "${TARGET_NAME}";
				SDKROOT = watchos;
				SKIP_INSTALL = YES;
				SWIFT_VERSION = 5.0;
				TARGETED_DEVICE_FAMILY = 4;
				WATCHOS_DEPLOYMENT_TARGET = 7.2;
			};
			name = Release;
		};
		409D52FF259A30A2002C1509 /* Debug */ = {
			isa = XCBuildConfiguration;
			buildSettings = {
				ALWAYS_SEARCH_USER_PATHS = NO;
				CLANG_ANALYZER_NONNULL = YES;
				CLANG_ANALYZER_NUMBER_OBJECT_CONVERSION = YES_AGGRESSIVE;
				CLANG_CXX_LANGUAGE_STANDARD = "gnu++14";
				CLANG_CXX_LIBRARY = "libc++";
				CLANG_ENABLE_MODULES = YES;
				CLANG_ENABLE_OBJC_ARC = YES;
				CLANG_ENABLE_OBJC_WEAK = YES;
				CLANG_WARN_BLOCK_CAPTURE_AUTORELEASING = YES;
				CLANG_WARN_BOOL_CONVERSION = YES;
				CLANG_WARN_COMMA = YES;
				CLANG_WARN_CONSTANT_CONVERSION = YES;
				CLANG_WARN_DEPRECATED_OBJC_IMPLEMENTATIONS = YES;
				CLANG_WARN_DIRECT_OBJC_ISA_USAGE = YES_ERROR;
				CLANG_WARN_DOCUMENTATION_COMMENTS = YES;
				CLANG_WARN_EMPTY_BODY = YES;
				CLANG_WARN_ENUM_CONVERSION = YES;
				CLANG_WARN_INFINITE_RECURSION = YES;
				CLANG_WARN_INT_CONVERSION = YES;
				CLANG_WARN_NON_LITERAL_NULL_CONVERSION = YES;
				CLANG_WARN_OBJC_IMPLICIT_RETAIN_SELF = YES;
				CLANG_WARN_OBJC_LITERAL_CONVERSION = YES;
				CLANG_WARN_OBJC_ROOT_CLASS = YES_ERROR;
				CLANG_WARN_QUOTED_INCLUDE_IN_FRAMEWORK_HEADER = YES;
				CLANG_WARN_RANGE_LOOP_ANALYSIS = YES;
				CLANG_WARN_STRICT_PROTOTYPES = YES;
				CLANG_WARN_SUSPICIOUS_MOVE = YES;
				CLANG_WARN_UNGUARDED_AVAILABILITY = YES_AGGRESSIVE;
				CLANG_WARN_UNREACHABLE_CODE = YES;
				CLANG_WARN__DUPLICATE_METHOD_MATCH = YES;
				COPY_PHASE_STRIP = NO;
				DEBUG_INFORMATION_FORMAT = dwarf;
				ENABLE_STRICT_OBJC_MSGSEND = YES;
				ENABLE_TESTABILITY = YES;
				GCC_C_LANGUAGE_STANDARD = gnu11;
				GCC_DYNAMIC_NO_PIC = NO;
				GCC_NO_COMMON_BLOCKS = YES;
				GCC_OPTIMIZATION_LEVEL = 0;
				GCC_PREPROCESSOR_DEFINITIONS = (
					"DEBUG=1",
					"$(inherited)",
				);
				GCC_WARN_64_TO_32_BIT_CONVERSION = YES;
				GCC_WARN_ABOUT_RETURN_TYPE = YES_ERROR;
				GCC_WARN_UNDECLARED_SELECTOR = YES;
				GCC_WARN_UNINITIALIZED_AUTOS = YES_AGGRESSIVE;
				GCC_WARN_UNUSED_FUNCTION = YES;
				GCC_WARN_UNUSED_VARIABLE = YES;
				IPHONEOS_DEPLOYMENT_TARGET = 14.3;
				MTL_ENABLE_DEBUG_INFO = INCLUDE_SOURCE;
				MTL_FAST_MATH = YES;
				ONLY_ACTIVE_ARCH = YES;
				SDKROOT = iphoneos;
				SWIFT_ACTIVE_COMPILATION_CONDITIONS = DEBUG;
				SWIFT_OPTIMIZATION_LEVEL = "-Onone";
			};
			name = Debug;
		};
		409D5300259A30A2002C1509 /* Release */ = {
			isa = XCBuildConfiguration;
			buildSettings = {
				ALWAYS_SEARCH_USER_PATHS = NO;
				CLANG_ANALYZER_NONNULL = YES;
				CLANG_ANALYZER_NUMBER_OBJECT_CONVERSION = YES_AGGRESSIVE;
				CLANG_CXX_LANGUAGE_STANDARD = "gnu++14";
				CLANG_CXX_LIBRARY = "libc++";
				CLANG_ENABLE_MODULES = YES;
				CLANG_ENABLE_OBJC_ARC = YES;
				CLANG_ENABLE_OBJC_WEAK = YES;
				CLANG_WARN_BLOCK_CAPTURE_AUTORELEASING = YES;
				CLANG_WARN_BOOL_CONVERSION = YES;
				CLANG_WARN_COMMA = YES;
				CLANG_WARN_CONSTANT_CONVERSION = YES;
				CLANG_WARN_DEPRECATED_OBJC_IMPLEMENTATIONS = YES;
				CLANG_WARN_DIRECT_OBJC_ISA_USAGE = YES_ERROR;
				CLANG_WARN_DOCUMENTATION_COMMENTS = YES;
				CLANG_WARN_EMPTY_BODY = YES;
				CLANG_WARN_ENUM_CONVERSION = YES;
				CLANG_WARN_INFINITE_RECURSION = YES;
				CLANG_WARN_INT_CONVERSION = YES;
				CLANG_WARN_NON_LITERAL_NULL_CONVERSION = YES;
				CLANG_WARN_OBJC_IMPLICIT_RETAIN_SELF = YES;
				CLANG_WARN_OBJC_LITERAL_CONVERSION = YES;
				CLANG_WARN_OBJC_ROOT_CLASS = YES_ERROR;
				CLANG_WARN_QUOTED_INCLUDE_IN_FRAMEWORK_HEADER = YES;
				CLANG_WARN_RANGE_LOOP_ANALYSIS = YES;
				CLANG_WARN_STRICT_PROTOTYPES = YES;
				CLANG_WARN_SUSPICIOUS_MOVE = YES;
				CLANG_WARN_UNGUARDED_AVAILABILITY = YES_AGGRESSIVE;
				CLANG_WARN_UNREACHABLE_CODE = YES;
				CLANG_WARN__DUPLICATE_METHOD_MATCH = YES;
				COPY_PHASE_STRIP = NO;
				DEBUG_INFORMATION_FORMAT = "dwarf-with-dsym";
				ENABLE_NS_ASSERTIONS = NO;
				ENABLE_STRICT_OBJC_MSGSEND = YES;
				GCC_C_LANGUAGE_STANDARD = gnu11;
				GCC_NO_COMMON_BLOCKS = YES;
				GCC_WARN_64_TO_32_BIT_CONVERSION = YES;
				GCC_WARN_ABOUT_RETURN_TYPE = YES_ERROR;
				GCC_WARN_UNDECLARED_SELECTOR = YES;
				GCC_WARN_UNINITIALIZED_AUTOS = YES_AGGRESSIVE;
				GCC_WARN_UNUSED_FUNCTION = YES;
				GCC_WARN_UNUSED_VARIABLE = YES;
				IPHONEOS_DEPLOYMENT_TARGET = 14.3;
				MTL_ENABLE_DEBUG_INFO = NO;
				MTL_FAST_MATH = YES;
				SDKROOT = iphoneos;
				SWIFT_COMPILATION_MODE = wholemodule;
				SWIFT_OPTIMIZATION_LEVEL = "-O";
				VALIDATE_PRODUCT = YES;
			};
			name = Release;
		};
		409D5302259A30A2002C1509 /* Debug */ = {
			isa = XCBuildConfiguration;
			buildSettings = {
				ASSETCATALOG_COMPILER_APPICON_NAME = AppIcon;
				ASSETCATALOG_COMPILER_GLOBAL_ACCENT_COLOR_NAME = AccentColor;
				CODE_SIGN_STYLE = Automatic;
				INFOPLIST_FILE = Castles/Info.plist;
				LD_RUNPATH_SEARCH_PATHS = (
					"$(inherited)",
					"@executable_path/Frameworks",
				);
				PRODUCT_BUNDLE_IDENTIFIER = com.CodingWithTom.Castles;
				PRODUCT_NAME = "$(TARGET_NAME)";
				SWIFT_VERSION = 5.0;
				TARGETED_DEVICE_FAMILY = "1,2";
			};
			name = Debug;
		};
		409D5303259A30A2002C1509 /* Release */ = {
			isa = XCBuildConfiguration;
			buildSettings = {
				ASSETCATALOG_COMPILER_APPICON_NAME = AppIcon;
				ASSETCATALOG_COMPILER_GLOBAL_ACCENT_COLOR_NAME = AccentColor;
				CODE_SIGN_STYLE = Automatic;
				INFOPLIST_FILE = Castles/Info.plist;
				LD_RUNPATH_SEARCH_PATHS = (
					"$(inherited)",
					"@executable_path/Frameworks",
				);
				PRODUCT_BUNDLE_IDENTIFIER = com.CodingWithTom.Castles;
				PRODUCT_NAME = "$(TARGET_NAME)";
				SWIFT_VERSION = 5.0;
				TARGETED_DEVICE_FAMILY = "1,2";
			};
			name = Release;
		};
/* End XCBuildConfiguration section */

/* Begin XCConfigurationList section */
		409CF6A625FD0E5B0085B44E /* Build configuration list for PBXNativeTarget "CastlesWatch Extension" */ = {
			isa = XCConfigurationList;
			buildConfigurations = (
				409CF6A425FD0E5B0085B44E /* Debug */,
				409CF6A525FD0E5B0085B44E /* Release */,
			);
			defaultConfigurationIsVisible = 0;
			defaultConfigurationName = Release;
		};
		409CF6A725FD0E5B0085B44E /* Build configuration list for PBXNativeTarget "CastlesWatch" */ = {
			isa = XCConfigurationList;
			buildConfigurations = (
				409CF6A125FD0E5B0085B44E /* Debug */,
				409CF6A225FD0E5B0085B44E /* Release */,
			);
			defaultConfigurationIsVisible = 0;
			defaultConfigurationName = Release;
		};
		409D52E8259A30A2002C1509 /* Build configuration list for PBXProject "Castles" */ = {
			isa = XCConfigurationList;
			buildConfigurations = (
				409D52FF259A30A2002C1509 /* Debug */,
				409D5300259A30A2002C1509 /* Release */,
			);
			defaultConfigurationIsVisible = 0;
			defaultConfigurationName = Release;
		};
		409D5301259A30A2002C1509 /* Build configuration list for PBXNativeTarget "Castles" */ = {
			isa = XCConfigurationList;
			buildConfigurations = (
				409D5302259A30A2002C1509 /* Debug */,
				409D5303259A30A2002C1509 /* Release */,
			);
			defaultConfigurationIsVisible = 0;
			defaultConfigurationName = Release;
		};
/* End XCConfigurationList section */
	};
	rootObject = 409D52E5259A30A2002C1509 /* Project object */;
}
